
Microsoft Visual Studio Solution File, Format Version 12.00
# Visual Studio Version 17
VisualStudioVersion = 17.10.35013.160
MinimumVisualStudioVersion = 10.0.40219.1
Project("{FAE04EC0-301F-11D3-BF4B-00C04F79EFBC}") = "ProyectoBAC", "ProyectoBAC.csproj", "{8C08972D-069F-4B1C-9449-35EA77A4025C}"
EndProject
Global
	GlobalSection(SolutionConfigurationPlatforms) = preSolution
		Debug|Any CPU = Debug|Any CPU
		Release|Any CPU = Release|Any CPU
	EndGlobalSection
	GlobalSection(ProjectConfigurationPlatforms) = postSolution
		{8C08972D-069F-4B1C-9449-35EA77A4025C}.Debug|Any CPU.ActiveCfg = Debug|Any CPU
		{8C08972D-069F-4B1C-9449-35EA77A4025C}.Debug|Any CPU.Build.0 = Debug|Any CPU
		{8C08972D-069F-4B1C-9449-35EA77A4025C}.Release|Any CPU.ActiveCfg = Release|Any CPU
		{8C08972D-069F-4B1C-9449-35EA77A4025C}.Release|Any CPU.Build.0 = Release|Any CPU
	EndGlobalSection
	GlobalSection(SolutionProperties) = preSolution
		HideSolutionNode = FALSE
	EndGlobalSection
	GlobalSection(ExtensibilityGlobals) = postSolution
		SolutionGuid = {38830FB6-54CC-407A-B8A0-D7D22AC689C5}
	EndGlobalSection
EndGlobal
